
Microsoft Visual Studio Solution File, Format Version 12.00
# Visual Studio Version 17
VisualStudioVersion = 17.4.33110.190
MinimumVisualStudioVersion = 10.0.40219.1
Project("{FAE04EC0-301F-11D3-BF4B-00C04F79EFBC}") = "DateAndTimeApi", "DateAndTimeApi.csproj", "{F46CCBF5-CF2B-41C9-B8A7-E0096545B714}"
EndProject
Global
	GlobalSection(SolutionConfigurationPlatforms) = preSolution
		Debug|Any CPU = Debug|Any CPU
		Release|Any CPU = Release|Any CPU
	EndGlobalSection
	GlobalSection(ProjectConfigurationPlatforms) = postSolution
		{F46CCBF5-CF2B-41C9-B8A7-E0096545B714}.Debug|Any CPU.ActiveCfg = Debug|Any CPU
		{F46CCBF5-CF2B-41C9-B8A7-E0096545B714}.Debug|Any CPU.Build.0 = Debug|Any CPU
		{F46CCBF5-CF2B-41C9-B8A7-E0096545B714}.Release|Any CPU.ActiveCfg = Release|Any CPU
		{F46CCBF5-CF2B-41C9-B8A7-E0096545B714}.Release|Any CPU.Build.0 = Release|Any CPU
	EndGlobalSection
	GlobalSection(SolutionProperties) = preSolution
		HideSolutionNode = FALSE
	EndGlobalSection
	GlobalSection(ExtensibilityGlobals) = postSolution
		SolutionGuid = {DE0B5C00-C037-4FA4-8E2A-3593F86F7D90}
	EndGlobalSection
EndGlobal
